// !$*UTF8*$!
{
	archiveVersion = 1;
	classes = {
	};
	objectVersion = 77;
	objects = {

/* Begin PBXContainerItemProxy section */
		C49E167A2ECF22DF005F5FBA /* PBXContainerItemProxy */ = {
			isa = PBXContainerItemProxy;
			containerPortal = C49E16642ECF22DD005F5FBA /* Project object */;
			proxyType = 1;
			remoteGlobalIDString = C49E166B2ECF22DD005F5FBA;
			remoteInfo = Homework15;
		};
		C49E16842ECF22DF005F5FBA /* PBXContainerItemProxy */ = {
			isa = PBXContainerItemProxy;
			containerPortal = C49E16642ECF22DD005F5FBA /* Project object */;
			proxyType = 1;
			remoteGlobalIDString = C49E166B2ECF22DD005F5FBA;
			remoteInfo = Homework15;
		};
/* End PBXContainerItemProxy section */

/* Begin PBXFileReference section */
		C49E166C2ECF22DD005F5FBA /* Homework15.app */ = {isa = PBXFileReference; explicitFileType = wrapper.application; includeInIndex = 0; path = Homework15.app; sourceTree = BUILT_PRODUCTS_DIR; };
		C49E16792ECF22DF005F5FBA /* Homework15Tests.xctest */ = {isa = PBXFileReference; explicitFileType = wrapper.cfbundle; includeInIndex = 0; path = Homework15Tests.xctest; sourceTree = BUILT_PRODUCTS_DIR; };
		C49E16832ECF22DF005F5FBA /* Homework15UITests.xctest */ = {isa = PBXFileReference; explicitFileType = wrapper.cfbundle; includeInIndex = 0; path = Homework15UITests.xctest; sourceTree = BUILT_PRODUCTS_DIR; };
/* End PBXFileReference section */

/* Begin PBXFileSystemSynchronizedRootGroup section */
		C49E166E2ECF22DD005F5FBA /* Homework15 */ = {
			isa = PBXFileSystemSynchronizedRootGroup;
			path = Homework15;
			sourceTree = "<group>";
		};
		C49E167C2ECF22DF005F5FBA /* Homework15Tests */ = {
			isa = PBXFileSystemSynchronizedRootGroup;
			path = Homework15Tests;
			sourceTree = "<group>";
		};
		C49E16862ECF22DF005F5FBA /* Homework15UITests */ = {
			isa = PBXFileSystemSynchronizedRootGroup;
			path = Homework15UITests;
			sourceTree = "<group>";
		};
/* End PBXFileSystemSynchronizedRootGroup section */

/* Begin PBXFrameworksBuildPhase section */
		C49E16692ECF22DD005F5FBA /* Frameworks */ = {
			isa = PBXFrameworksBuildPhase;
			buildActionMask = 2147483647;
			files = (
			);
			runOnlyForDeploymentPostprocessing = 0;
		};
		C49E16762ECF22DF005F5FBA /* Frameworks */ = {
			isa = PBXFrameworksBuildPhase;
			buildActionMask = 2147483647;
			files = (
			);
			runOnlyForDeploymentPostprocessing = 0;
		};
		C49E16802ECF22DF005F5FBA /* Frameworks */ = {
			isa = PBXFrameworksBuildPhase;
			buildActionMask = 2147483647;
			files = (
			);
			runOnlyForDeploymentPostprocessing = 0;
		};
/* End PBXFrameworksBuildPhase section */

/* Begin PBXGroup section */
		C49E16632ECF22DD005F5FBA = {
			isa = PBXGroup;
			children = (
				C49E166E2ECF22DD005F5FBA /* Homework15 */,
				C49E167C2ECF22DF005F5FBA /* Homework15Tests */,
				C49E16862ECF22DF005F5FBA /* Homework15UITests */,
				C49E166D2ECF22DD005F5FBA /* Products */,
			);
			sourceTree = "<group>";
		};
		C49E166D2ECF22DD005F5FBA /* Products */ = {
			isa = PBXGroup;
			children = (
				C49E166C2ECF22DD005F5FBA /* Homework15.app */,
				C49E16792ECF22DF005F5FBA /* Homework15Tests.xctest */,
				C49E16832ECF22DF005F5FBA /* Homework15UITests.xctest */,
			);
			name = Products;
			sourceTree = "<group>";
		};
/* End PBXGroup section */

/* Begin PBXNativeTarget section */
		C49E166B2ECF22DD005F5FBA /* Homework15 */ = {
			isa = PBXNativeTarget;
			buildConfigurationList = C49E168D2ECF22DF005F5FBA /* Build configuration list for PBXNativeTarget "Homework15" */;
			buildPhases = (
				C49E16682ECF22DD005F5FBA /* Sources */,
				C49E16692ECF22DD005F5FBA /* Frameworks */,
				C49E166A2ECF22DD005F5FBA /* Resources */,
			);
			buildRules = (
			);
			dependencies = (
			);
			fileSystemSynchronizedGroups = (
				C49E166E2ECF22DD005F5FBA /* Homework15 */,
			);
			name = Homework15;
			packageProductDependencies = (
			);
			productName = Homework15;
			productReference = C49E166C2ECF22DD005F5FBA /* Homework15.app */;
			productType = "com.apple.product-type.application";
		};
		C49E16782ECF22DF005F5FBA /* Homework15Tests */ = {
			isa = PBXNativeTarget;
			buildConfigurationList = C49E16902ECF22DF005F5FBA /* Build configuration list for PBXNativeTarget "Homework15Tests" */;
			buildPhases = (
				C49E16752ECF22DF005F5FBA /* Sources */,
				C49E16762ECF22DF005F5FBA /* Frameworks */,
				C49E16772ECF22DF005F5FBA /* Resources */,
			);
			buildRules = (
			);
			dependencies = (
				C49E167B2ECF22DF005F5FBA /* PBXTargetDependency */,
			);
			fileSystemSynchronizedGroups = (
				C49E167C2ECF22DF005F5FBA /* Homework15Tests */,
			);
			name = Homework15Tests;
			packageProductDependencies = (
			);
			productName = Homework15Tests;
			productReference = C49E16792ECF22DF005F5FBA /* Homework15Tests.xctest */;
			productType = "com.apple.product-type.bundle.unit-test";
		};
		C49E16822ECF22DF005F5FBA /* Homework15UITests */ = {
			isa = PBXNativeTarget;
			buildConfigurationList = C49E16932ECF22DF005F5FBA /* Build configuration list for PBXNativeTarget "Homework15UITests" */;
			buildPhases = (
				C49E167F2ECF22DF005F5FBA /* Sources */,
				C49E16802ECF22DF005F5FBA /* Frameworks */,
				C49E16812ECF22DF005F5FBA /* Resources */,
			);
			buildRules = (
			);
			dependencies = (
				C49E16852ECF22DF005F5FBA /* PBXTargetDependency */,
			);
			fileSystemSynchronizedGroups = (
				C49E16862ECF22DF005F5FBA /* Homework15UITests */,
			);
			name = Homework15UITests;
			packageProductDependencies = (
			);
			productName = Homework15UITests;
			productReference = C49E16832ECF22DF005F5FBA /* Homework15UITests.xctest */;
			productType = "com.apple.product-type.bundle.ui-testing";
		};
/* End PBXNativeTarget section */

/* Begin PBXProject section */
		C49E16642ECF22DD005F5FBA /* Project object */ = {
			isa = PBXProject;
			attributes = {
				BuildIndependentTargetsInParallel = 1;
				LastSwiftUpdateCheck = 1640;
				LastUpgradeCheck = 1640;
				TargetAttributes = {
					C49E166B2ECF22DD005F5FBA = {
						CreatedOnToolsVersion = 16.4;
					};
					C49E16782ECF22DF005F5FBA = {
						CreatedOnToolsVersion = 16.4;
						TestTargetID = C49E166B2ECF22DD005F5FBA;
					};
					C49E16822ECF22DF005F5FBA = {
						CreatedOnToolsVersion = 16.4;
						TestTargetID = C49E166B2ECF22DD005F5FBA;
					};
				};
			};
			buildConfigurationList = C49E16672ECF22DD005F5FBA /* Build configuration list for PBXProject "Homework15" */;
			developmentRegion = en;
			hasScannedForEncodings = 0;
			knownRegions = (
				en,
				Base,
			);
			mainGroup = C49E16632ECF22DD005F5FBA;
			minimizedProjectReferenceProxies = 1;
			preferredProjectObjectVersion = 77;
			productRefGroup = C49E166D2ECF22DD005F5FBA /* Products */;
			projectDirPath = "";
			projectRoot = "";
			targets = (
				C49E166B2ECF22DD005F5FBA /* Homework15 */,
				C49E16782ECF22DF005F5FBA /* Homework15Tests */,
				C49E16822ECF22DF005F5FBA /* Homework15UITests */,
			);
		};
/* End PBXProject section */

/* Begin PBXResourcesBuildPhase section */
		C49E166A2ECF22DD005F5FBA /* Resources */ = {
			isa = PBXResourcesBuildPhase;
			buildActionMask = 2147483647;
			files = (
			);
			runOnlyForDeploymentPostprocessing = 0;
		};
		C49E16772ECF22DF005F5FBA /* Resources */ = {
			isa = PBXResourcesBuildPhase;
			buildActionMask = 2147483647;
			files = (
			);
			runOnlyForDeploymentPostprocessing = 0;
		};
		C49E16812ECF22DF005F5FBA /* Resources */ = {
			isa = PBXResourcesBuildPhase;
			buildActionMask = 2147483647;
			files = (
			);
			runOnlyForDeploymentPostprocessing = 0;
		};
/* End PBXResourcesBuildPhase section */

/* Begin PBXSourcesBuildPhase section */
		C49E16682ECF22DD005F5FBA /* Sources */ = {
			isa = PBXSourcesBuildPhase;
			buildActionMask = 2147483647;
			files = (
			);
			runOnlyForDeploymentPostprocessing = 0;
		};
		C49E16752ECF22DF005F5FBA /* Sources */ = {
			isa = PBXSourcesBuildPhase;
			buildActionMask = 2147483647;
			files = (
			);
			runOnlyForDeploymentPostprocessing = 0;
		};
		C49E167F2ECF22DF005F5FBA /* Sources */ = {
			isa = PBXSourcesBuildPhase;
			buildActionMask = 2147483647;
			files = (
			);
			runOnlyForDeploymentPostprocessing = 0;
		};
/* End PBXSourcesBuildPhase section */

/* Begin PBXTargetDependency section */
		C49E167B2ECF22DF005F5FBA /* PBXTargetDependency */ = {
			isa = PBXTargetDependency;
			target = C49E166B2ECF22DD005F5FBA /* Homework15 */;
			targetProxy = C49E167A2ECF22DF005F5FBA /* PBXContainerItemProxy */;
		};
		C49E16852ECF22DF005F5FBA /* PBXTargetDependency */ = {
			isa = PBXTargetDependency;
			target = C49E166B2ECF22DD005F5FBA /* Homework15 */;
			targetProxy = C49E16842ECF22DF005F5FBA /* PBXContainerItemProxy */;
		};
/* End PBXTargetDependency section */

/* Begin XCBuildConfiguration section */
		C49E168B2ECF22DF005F5FBA /* Debug */ = {
			isa = XCBuildConfiguration;
			buildSettings = {
				ALWAYS_SEARCH_USER_PATHS = NO;
				ASSETCATALOG_COMPILER_GENERATE_SWIFT_ASSET_SYMBOL_EXTENSIONS = YES;
				CLANG_ANALYZER_NONNULL = YES;
				CLANG_ANALYZER_NUMBER_OBJECT_CONVERSION = YES_AGGRESSIVE;
				CLANG_CXX_LANGUAGE_STANDARD = "gnu++20";
				CLANG_ENABLE_MODULES = YES;
				CLANG_ENABLE_OBJC_ARC = YES;
				CLANG_ENABLE_OBJC_WEAK = YES;
				CLANG_WARN_BLOCK_CAPTURE_AUTORELEASING = YES;
				CLANG_WARN_BOOL_CONVERSION = YES;
				CLANG_WARN_COMMA = YES;
				CLANG_WARN_CONSTANT_CONVERSION = YES;
				CLANG_WARN_DEPRECATED_OBJC_IMPLEMENTATIONS = YES;
				CLANG_WARN_DIRECT_OBJC_ISA_USAGE = YES_ERROR;
				CLANG_WARN_DOCUMENTATION_COMMENTS = YES;
				CLANG_WARN_EMPTY_BODY = YES;
				CLANG_WARN_ENUM_CONVERSION = YES;
				CLANG_WARN_INFINITE_RECURSION = YES;
				CLANG_WARN_INT_CONVERSION = YES;
				CLANG_WARN_NON_LITERAL_NULL_CONVERSION = YES;
				CLANG_WARN_OBJC_IMPLICIT_RETAIN_SELF = YES;
				CLANG_WARN_OBJC_LITERAL_CONVERSION = YES;
				CLANG_WARN_OBJC_ROOT_CLASS = YES_ERROR;
				CLANG_WARN_QUOTED_INCLUDE_IN_FRAMEWORK_HEADER = YES;
				CLANG_WARN_RANGE_LOOP_ANALYSIS = YES;
				CLANG_WARN_STRICT_PROTOTYPES = YES;
				CLANG_WARN_SUSPICIOUS_MOVE = YES;
				CLANG_WARN_UNGUARDED_AVAILABILITY = YES_AGGRESSIVE;
				CLANG_WARN_UNREACHABLE_CODE = YES;
				CLANG_WARN__DUPLICATE_METHOD_MATCH = YES;
				COPY_PHASE_STRIP = NO;
				DEBUG_INFORMATION_FORMAT = dwarf;
				ENABLE_STRICT_OBJC_MSGSEND = YES;
				ENABLE_TESTABILITY = YES;
				ENABLE_USER_SCRIPT_SANDBOXING = YES;
				GCC_C_LANGUAGE_STANDARD = gnu17;
				GCC_DYNAMIC_NO_PIC = NO;
				GCC_NO_COMMON_BLOCKS = YES;
				GCC_OPTIMIZATION_LEVEL = 0;
				GCC_PREPROCESSOR_DEFINITIONS = (
					"DEBUG=1",
					"$(inherited)",
				);
				GCC_WARN_64_TO_32_BIT_CONVERSION = YES;
				GCC_WARN_ABOUT_RETURN_TYPE = YES_ERROR;
				GCC_WARN_UNDECLARED_SELECTOR = YES;
				GCC_WARN_UNINITIALIZED_AUTOS = YES_AGGRESSIVE;
				GCC_WARN_UNUSED_FUNCTION = YES;
				GCC_WARN_UNUSED_VARIABLE = YES;
				IPHONEOS_DEPLOYMENT_TARGET = 18.5;
				LOCALIZATION_PREFERS_STRING_CATALOGS = YES;
				MTL_ENABLE_DEBUG_INFO = INCLUDE_SOURCE;
				MTL_FAST_MATH = YES;
				ONLY_ACTIVE_ARCH = YES;
				SDKROOT = iphoneos;
				SWIFT_ACTIVE_COMPILATION_CONDITIONS = "DEBUG $(inherited)";
				SWIFT_OPTIMIZATION_LEVEL = "-Onone";
			};
			name = Debug;
		};
		C49E168C2ECF22DF005F5FBA /* Release */ = {
			isa = XCBuildConfiguration;
			buildSettings = {
				ALWAYS_SEARCH_USER_PATHS = NO;
				ASSETCATALOG_COMPILER_GENERATE_SWIFT_ASSET_SYMBOL_EXTENSIONS = YES;
				CLANG_ANALYZER_NONNULL = YES;
				CLANG_ANALYZER_NUMBER_OBJECT_CONVERSION = YES_AGGRESSIVE;
				CLANG_CXX_LANGUAGE_STANDARD = "gnu++20";
				CLANG_ENABLE_MODULES = YES;
				CLANG_ENABLE_OBJC_ARC = YES;
				CLANG_ENABLE_OBJC_WEAK = YES;
				CLANG_WARN_BLOCK_CAPTURE_AUTORELEASING = YES;
				CLANG_WARN_BOOL_CONVERSION = YES;
				CLANG_WARN_COMMA = YES;
				CLANG_WARN_CONSTANT_CONVERSION = YES;
				CLANG_WARN_DEPRECATED_OBJC_IMPLEMENTATIONS = YES;
				CLANG_WARN_DIRECT_OBJC_ISA_USAGE = YES_ERROR;
				CLANG_WARN_DOCUMENTATION_COMMENTS = YES;
				CLANG_WARN_EMPTY_BODY = YES;
				CLANG_WARN_ENUM_CONVERSION = YES;
				CLANG_WARN_INFINITE_RECURSION = YES;
				CLANG_WARN_INT_CONVERSION = YES;
				CLANG_WARN_NON_LITERAL_NULL_CONVERSION = YES;
				CLANG_WARN_OBJC_IMPLICIT_RETAIN_SELF = YES;
				CLANG_WARN_OBJC_LITERAL_CONVERSION = YES;
				CLANG_WARN_OBJC_ROOT_CLASS = YES_ERROR;
				CLANG_WARN_QUOTED_INCLUDE_IN_FRAMEWORK_HEADER = YES;
				CLANG_WARN_RANGE_LOOP_ANALYSIS = YES;
				CLANG_WARN_STRICT_PROTOTYPES = YES;
				CLANG_WARN_SUSPICIOUS_MOVE = YES;
				CLANG_WARN_UNGUARDED_AVAILABILITY = YES_AGGRESSIVE;
				CLANG_WARN_UNREACHABLE_CODE = YES;
				CLANG_WARN__DUPLICATE_METHOD_MATCH = YES;
				COPY_PHASE_STRIP = NO;
				DEBUG_INFORMATION_FORMAT = "dwarf-with-dsym";
				ENABLE_NS_ASSERTIONS = NO;
				ENABLE_STRICT_OBJC_MSGSEND = YES;
				ENABLE_USER_SCRIPT_SANDBOXING = YES;
				GCC_C_LANGUAGE_STANDARD = gnu17;
				GCC_NO_COMMON_BLOCKS = YES;
				GCC_WARN_64_TO_32_BIT_CONVERSION = YES;
				GCC_WARN_ABOUT_RETURN_TYPE = YES_ERROR;
				GCC_WARN_UNDECLARED_SELECTOR = YES;
				GCC_WARN_UNINITIALIZED_AUTOS = YES_AGGRESSIVE;
				GCC_WARN_UNUSED_FUNCTION = YES;
				GCC_WARN_UNUSED_VARIABLE = YES;
				IPHONEOS_DEPLOYMENT_TARGET = 18.5;
				LOCALIZATION_PREFERS_STRING_CATALOGS = YES;
				MTL_ENABLE_DEBUG_INFO = NO;
				MTL_FAST_MATH = YES;
				SDKROOT = iphoneos;
				SWIFT_COMPILATION_MODE = wholemodule;
				VALIDATE_PRODUCT = YES;
			};
			name = Release;
		};
		C49E168E2ECF22DF005F5FBA /* Debug */ = {
			isa = XCBuildConfiguration;
			buildSettings = {
				ASSETCATALOG_COMPILER_APPICON_NAME = AppIcon;
				ASSETCATALOG_COMPILER_GLOBAL_ACCENT_COLOR_NAME = AccentColor;
				CODE_SIGN_STYLE = Automatic;
				CURRENT_PROJECT_VERSION = 1;
				ENABLE_PREVIEWS = YES;
				GENERATE_INFOPLIST_FILE = YES;
				INFOPLIST_KEY_UIApplicationSceneManifest_Generation = YES;
				INFOPLIST_KEY_UIApplicationSupportsIndirectInputEvents = YES;
				INFOPLIST_KEY_UILaunchScreen_Generation = YES;
				INFOPLIST_KEY_UISupportedInterfaceOrientations_iPad = "UIInterfaceOrientationPortrait UIInterfaceOrientationPortraitUpsideDown UIInterfaceOrientationLandscapeLeft UIInterfaceOrientationLandscapeRight";
				INFOPLIST_KEY_UISupportedInterfaceOrientations_iPhone = "UIInterfaceOrientationPortrait UIInterfaceOrientationLandscapeLeft UIInterfaceOrientationLandscapeRight";
				LD_RUNPATH_SEARCH_PATHS = (
					"$(inherited)",
					"@executable_path/Frameworks",
				);
				MARKETING_VERSION = 1.0;
				PRODUCT_BUNDLE_IDENTIFIER = com.babayeva.Homework15;
				PRODUCT_NAME = "$(TARGET_NAME)";
				SWIFT_EMIT_LOC_STRINGS = YES;
				SWIFT_VERSION = 5.0;
				TARGETED_DEVICE_FAMILY = "1,2";
			};
			name = Debug;
		};
		C49E168F2ECF22DF005F5FBA /* Release */ = {
			isa = XCBuildConfiguration;
			buildSettings = {
				ASSETCATALOG_COMPILER_APPICON_NAME = AppIcon;
				ASSETCATALOG_COMPILER_GLOBAL_ACCENT_COLOR_NAME = AccentColor;
				CODE_SIGN_STYLE = Automatic;
				CURRENT_PROJECT_VERSION = 1;
				ENABLE_PREVIEWS = YES;
				GENERATE_INFOPLIST_FILE = YES;
				INFOPLIST_KEY_UIApplicationSceneManifest_Generation = YES;
				INFOPLIST_KEY_UIApplicationSupportsIndirectInputEvents = YES;
				INFOPLIST_KEY_UILaunchScreen_Generation = YES;
				INFOPLIST_KEY_UISupportedInterfaceOrientations_iPad = "UIInterfaceOrientationPortrait UIInterfaceOrientationPortraitUpsideDown UIInterfaceOrientationLandscapeLeft UIInterfaceOrientationLandscapeRight";
				INFOPLIST_KEY_UISupportedInterfaceOrientations_iPhone = "UIInterfaceOrientationPortrait UIInterfaceOrientationLandscapeLeft UIInterfaceOrientationLandscapeRight";
				LD_RUNPATH_SEARCH_PATHS = (
					"$(inherited)",
					"@executable_path/Frameworks",
				);
				MARKETING_VERSION = 1.0;
				PRODUCT_BUNDLE_IDENTIFIER = com.babayeva.Homework15;
				PRODUCT_NAME = "$(TARGET_NAME)";
				SWIFT_EMIT_LOC_STRINGS = YES;
				SWIFT_VERSION = 5.0;
				TARGETED_DEVICE_FAMILY = "1,2";
			};
			name = Release;
		};
		C49E16912ECF22DF005F5FBA /* Debug */ = {
			isa = XCBuildConfiguration;
			buildSettings = {
				BUNDLE_LOADER = "$(TEST_HOST)";
				CODE_SIGN_STYLE = Automatic;
				CURRENT_PROJECT_VERSION = 1;
				GENERATE_INFOPLIST_FILE = YES;
				IPHONEOS_DEPLOYMENT_TARGET = 18.5;
				MARKETING_VERSION = 1.0;
				PRODUCT_BUNDLE_IDENTIFIER = com.babayeva.Homework15Tests;
				PRODUCT_NAME = "$(TARGET_NAME)";
				SWIFT_EMIT_LOC_STRINGS = NO;
				SWIFT_VERSION = 5.0;
				TARGETED_DEVICE_FAMILY = "1,2";
				TEST_HOST = "$(BUILT_PRODUCTS_DIR)/Homework15.app/$(BUNDLE_EXECUTABLE_FOLDER_PATH)/Homework15";
			};
			name = Debug;
		};
		C49E16922ECF22DF005F5FBA /* Release */ = {
			isa = XCBuildConfiguration;
			buildSettings = {
				BUNDLE_LOADER = "$(TEST_HOST)";
				CODE_SIGN_STYLE = Automatic;
				CURRENT_PROJECT_VERSION = 1;
				GENERATE_INFOPLIST_FILE = YES;
				IPHONEOS_DEPLOYMENT_TARGET = 18.5;
				MARKETING_VERSION = 1.0;
				PRODUCT_BUNDLE_IDENTIFIER = com.babayeva.Homework15Tests;
				PRODUCT_NAME = "$(TARGET_NAME)";
				SWIFT_EMIT_LOC_STRINGS = NO;
				SWIFT_VERSION = 5.0;
				TARGETED_DEVICE_FAMILY = "1,2";
				TEST_HOST = "$(BUILT_PRODUCTS_DIR)/Homework15.app/$(BUNDLE_EXECUTABLE_FOLDER_PATH)/Homework15";
			};
			name = Release;
		};
		C49E16942ECF22DF005F5FBA /* Debug */ = {
			isa = XCBuildConfiguration;
			buildSettings = {
				CODE_SIGN_STYLE = Automatic;
				CURRENT_PROJECT_VERSION = 1;
				GENERATE_INFOPLIST_FILE = YES;
				MARKETING_VERSION = 1.0;
				PRODUCT_BUNDLE_IDENTIFIER = com.babayeva.Homework15UITests;
				PRODUCT_NAME = "$(TARGET_NAME)";
				SWIFT_EMIT_LOC_STRINGS = NO;
				SWIFT_VERSION = 5.0;
				TARGETED_DEVICE_FAMILY = "1,2";
				TEST_TARGET_NAME = Homework15;
			};
			name = Debug;
		};
		C49E16952ECF22DF005F5FBA /* Release */ = {
			isa = XCBuildConfiguration;
			buildSettings = {
				CODE_SIGN_STYLE = Automatic;
				CURRENT_PROJECT_VERSION = 1;
				GENERATE_INFOPLIST_FILE = YES;
				MARKETING_VERSION = 1.0;
				PRODUCT_BUNDLE_IDENTIFIER = com.babayeva.Homework15UITests;
				PRODUCT_NAME = "$(TARGET_NAME)";
				SWIFT_EMIT_LOC_STRINGS = NO;
				SWIFT_VERSION = 5.0;
				TARGETED_DEVICE_FAMILY = "1,2";
				TEST_TARGET_NAME = Homework15;
			};
			name = Release;
		};
/* End XCBuildConfiguration section */

/* Begin XCConfigurationList section */
		C49E16672ECF22DD005F5FBA /* Build configuration list for PBXProject "Homework15" */ = {
			isa = XCConfigurationList;
			buildConfigurations = (
				C49E168B2ECF22DF005F5FBA /* Debug */,
				C49E168C2ECF22DF005F5FBA /* Release */,
			);
			defaultConfigurationIsVisible = 0;
			defaultConfigurationName = Release;
		};
		C49E168D2ECF22DF005F5FBA /* Build configuration list for PBXNativeTarget "Homework15" */ = {
			isa = XCConfigurationList;
			buildConfigurations = (
				C49E168E2ECF22DF005F5FBA /* Debug */,
				C49E168F2ECF22DF005F5FBA /* Release */,
			);
			defaultConfigurationIsVisible = 0;
			defaultConfigurationName = Release;
		};
		C49E16902ECF22DF005F5FBA /* Build configuration list for PBXNativeTarget "Homework15Tests" */ = {
			isa = XCConfigurationList;
			buildConfigurations = (
				C49E16912ECF22DF005F5FBA /* Debug */,
				C49E16922ECF22DF005F5FBA /* Release */,
			);
			defaultConfigurationIsVisible = 0;
			defaultConfigurationName = Release;
		};
		C49E16932ECF22DF005F5FBA /* Build configuration list for PBXNativeTarget "Homework15UITests" */ = {
			isa = XCConfigurationList;
			buildConfigurations = (
				C49E16942ECF22DF005F5FBA /* Debug */,
				C49E16952ECF22DF005F5FBA /* Release */,
			);
			defaultConfigurationIsVisible = 0;
			defaultConfigurationName = Release;
		};
/* End XCConfigurationList section */
	};
	rootObject = C49E16642ECF22DD005F5FBA /* Project object */;
}
